
Microsoft Visual Studio Solution File, Format Version 12.00
# Visual Studio 2012
Project("{FAE04EC0-301F-11D3-BF4B-00C04F79EFBC}") = "BabelVMRestore", "BabelVMRestore\BabelVMRestore.csproj", "{0F8E0336-2865-4DA8-AF16-5ECCCE387EA6}"
EndProject
Global
	GlobalSection(SolutionConfigurationPlatforms) = preSolution
		Debug|Any CPU = Debug|Any CPU
		Release|Any CPU = Release|Any CPU
	EndGlobalSection
	GlobalSection(ProjectConfigurationPlatforms) = postSolution
		{0F8E0336-2865-4DA8-AF16-5ECCCE387EA6}.Debug|Any CPU.ActiveCfg = Debug|Any CPU
		{0F8E0336-2865-4DA8-AF16-5ECCCE387EA6}.Debug|Any CPU.Build.0 = Debug|Any CPU
		{0F8E0336-2865-4DA8-AF16-5ECCCE387EA6}.Release|Any CPU.ActiveCfg = Release|Any CPU
		{0F8E0336-2865-4DA8-AF16-5ECCCE387EA6}.Release|Any CPU.Build.0 = Release|Any CPU
	EndGlobalSection
	GlobalSection(SolutionProperties) = preSolution
		HideSolutionNode = FALSE
	EndGlobalSection
EndGlobal
